{
  "version": 4,
  "terraform_version": "1.15.8",
  "serial": 13,
  "lineage": "e1ea9f29-c063-f20c-3793-1a7eeaad913a",
  "outputs": {},
  "resources": [
    {
      "mode": "managed",
      "type": "aws_budgets_budget",
      "name": "operator_guardrail",
      "provider": "provider[\"registry.terraform.io/hashicorp/aws\"]",
      "instances": [
        {
          "schema_version": 0,
          "attributes": {
            "account_id": "871162389627",
            "arn": "arn:aws:budgets::871162389627:budget/TKH-Phase2-Budget",
            "auto_adjust_data": [],
            "billing_view_arn": "",
            "budget_type": "COST",
            "cost_filter": [],
            "cost_types": [
              {
                "include_credit": true,
                "include_discount": true,
                "include_other_subscription": true,
                "include_recurring": true,
                "include_refund": true,
                "include_subscription": true,
                "include_support": true,
                "include_tax": true,
                "include_upfront": true,
                "use_amortized": false,
                "use_blended": false
              }
            ],
            "filter_expression": [],
            "id": "871162389627:TKH-Phase2-Budget",
            "limit_amount": "75.0",
            "limit_unit": "USD",
            "metrics": null,
            "name": "TKH-Phase2-Budget",
            "name_prefix": "",
            "notification": [
              {
                "comparison_operator": "GREATER_THAN",
                "notification_type": "ACTUAL",
                "subscriber_email_addresses": [
                  "omrikaf94@gmail.com"
                ],
                "subscriber_sns_topic_arns": [],
                "threshold": 50,
                "threshold_type": "PERCENTAGE"
              }
            ],
            "planned_limit": [],
            "tags": null,
            "tags_all": {},
            "time_period_end": "2087-06-15_00:00",
            "time_period_start": "2026-07-01_00:00",
            "time_unit": "MONTHLY"
          },
          "sensitive_attributes": [],
          "identity_schema_version": 0,
          "private": "bnVsbA=="
        }
      ]
    }
  ],
  "check_results": null
}
